
Microsoft Visual Studio Solution File, Format Version 12.00
# Visual Studio Version 17
VisualStudioVersion = 17.0.31903.59
MinimumVisualStudioVersion = 10.0.40219.1
Project("{FAE04EC0-301F-11D3-BF4B-00C04F79EFBC}") = "GestioneCondominio.Domain", "GestioneCondominio.Domain\GestioneCondominio.Domain.csproj", "{587ACD4B-4D2E-4172-BE02-DC9FA253037C}"
EndProject
Project("{FAE04EC0-301F-11D3-BF4B-00C04F79EFBC}") = "GestioneCondominio.Shared", "GestioneCondominio.Shared\GestioneCondominio.Shared.csproj", "{826764E4-4AC4-465D-A4CB-F96984C12F2D}"
EndProject
Project("{FAE04EC0-301F-11D3-BF4B-00C04F79EFBC}") = "GestioneCondominio.Application", "GestioneCondominio.Application\GestioneCondominio.Application.csproj", "{6D60E393-52CA-4FF5-B703-F0304EB74B0F}"
EndProject
Project("{FAE04EC0-301F-11D3-BF4B-00C04F79EFBC}") = "GestioneCondominio.Infrastructure", "GestioneCondominio.Infrastructure\GestioneCondominio.Infrastructure.csproj", "{89B83DEE-AF88-4271-9C3F-B20E9B8B48F7}"
EndProject
Project("{FAE04EC0-301F-11D3-BF4B-00C04F79EFBC}") = "GestioneCondominio.ServiceDefaults", "GestioneCondominio.ServiceDefaults\GestioneCondominio.ServiceDefaults.csproj", "{3FE973C9-A571-4117-A702-2A764FF2032A}"
EndProject
Project("{FAE04EC0-301F-11D3-BF4B-00C04F79EFBC}") = "GestioneCondominio.ApiService", "GestioneCondominio.ApiService\GestioneCondominio.ApiService.csproj", "{FCD37797-4921-46DF-9E24-139380A06BFD}"
EndProject
Project("{FAE04EC0-301F-11D3-BF4B-00C04F79EFBC}") = "GestioneCondominio.Web", "GestioneCondominio.Web\GestioneCondominio.Web.csproj", "{2BE02B10-710A-4C92-849D-C15D4F0395AE}"
EndProject
Project("{FAE04EC0-301F-11D3-BF4B-00C04F79EFBC}") = "GestioneCondominio.AppHost", "GestioneCondominio.AppHost\GestioneCondominio.AppHost.csproj", "{05019EBC-B05E-4F2E-894F-F998651E55CA}"
EndProject
Project("{FAE04EC0-301F-11D3-BF4B-00C04F79EFBC}") = "GestioneCondominio.Migrations.Postgres", "GestioneCondominio.Migrations.Postgres\GestioneCondominio.Migrations.Postgres.csproj", "{621DE25A-C4EC-4706-8DEC-B2B812A67F81}"
EndProject
Project("{FAE04EC0-301F-11D3-BF4B-00C04F79EFBC}") = "GestioneCondominio.MigrationService", "GestioneCondominio.MigrationService\GestioneCondominio.MigrationService.csproj", "{89287CA5-27FF-4249-AA94-1057DD440068}"
EndProject
Project("{2150E333-8FDC-42A3-9474-1A3956D46DE8}") = "Tests", "Tests", "{A1B2C3D4-E5F6-7890-ABCD-EF1234567890}"
EndProject
Project("{2150E333-8FDC-42A3-9474-1A3956D46DE8}") = "Frontend", "Frontend", "{B2C3D4E5-F6A7-8901-BCDE-F12345678901}"
EndProject
Project("{2150E333-8FDC-42A3-9474-1A3956D46DE8}") = "Infrastructure", "Infrastructure", "{C3D4E5F6-A7B8-9012-CDEF-123456789012}"
EndProject
Project("{FAE04EC0-301F-11D3-BF4B-00C04F79EFBC}") = "GestioneCondominio.Domain.Tests", "GestioneCondominio.Domain.Tests\GestioneCondominio.Domain.Tests.csproj", "{6B4CB924-A8D4-4F25-B85F-DDF800B7301F}"
EndProject
Project("{FAE04EC0-301F-11D3-BF4B-00C04F79EFBC}") = "GestioneCondominio.Application.Tests", "GestioneCondominio.Application.Tests\GestioneCondominio.Application.Tests.csproj", "{E842D5BE-2547-42B9-ACA1-8CEA93577E9D}"
EndProject
Project("{FAE04EC0-301F-11D3-BF4B-00C04F79EFBC}") = "GestioneCondominio.Infrastructure.Tests", "GestioneCondominio.Infrastructure.Tests\GestioneCondominio.Infrastructure.Tests.csproj", "{21F4B6E9-C4F5-42DD-9B9C-3E5005406F20}"
EndProject
Project("{FAE04EC0-301F-11D3-BF4B-00C04F79EFBC}") = "GestioneCondominio.ApiService.Tests", "GestioneCondominio.ApiService.Tests\GestioneCondominio.ApiService.Tests.csproj", "{208B8D51-3F00-46CB-B107-2DB0074DF953}"
EndProject
Project("{2150E333-8FDC-42A3-9474-1A3956D46DE8}") = "Backend", "Backend", "{F536B593-5603-4923-ACB4-9B645C83D388}"
EndProject
Project("{2150E333-8FDC-42A3-9474-1A3956D46DE8}") = "Common", "Common", "{60B53BB2-6E50-437D-8E9E-98C512AF84CC}"
EndProject
Global
	GlobalSection(SolutionConfigurationPlatforms) = preSolution
		Debug|Any CPU = Debug|Any CPU
		Debug|x64 = Debug|x64
		Debug|x86 = Debug|x86
		Release|Any CPU = Release|Any CPU
		Release|x64 = Release|x64
		Release|x86 = Release|x86
	EndGlobalSection
	GlobalSection(ProjectConfigurationPlatforms) = postSolution
		{587ACD4B-4D2E-4172-BE02-DC9FA253037C}.Debug|Any CPU.ActiveCfg = Debug|Any CPU
		{587ACD4B-4D2E-4172-BE02-DC9FA253037C}.Debug|Any CPU.Build.0 = Debug|Any CPU
		{587ACD4B-4D2E-4172-BE02-DC9FA253037C}.Debug|x64.ActiveCfg = Debug|Any CPU
		{587ACD4B-4D2E-4172-BE02-DC9FA253037C}.Debug|x64.Build.0 = Debug|Any CPU
		{587ACD4B-4D2E-4172-BE02-DC9FA253037C}.Debug|x86.ActiveCfg = Debug|Any CPU
		{587ACD4B-4D2E-4172-BE02-DC9FA253037C}.Debug|x86.Build.0 = Debug|Any CPU
		{587ACD4B-4D2E-4172-BE02-DC9FA253037C}.Release|Any CPU.ActiveCfg = Release|Any CPU
		{587ACD4B-4D2E-4172-BE02-DC9FA253037C}.Release|Any CPU.Build.0 = Release|Any CPU
		{587ACD4B-4D2E-4172-BE02-DC9FA253037C}.Release|x64.ActiveCfg = Release|Any CPU
		{587ACD4B-4D2E-4172-BE02-DC9FA253037C}.Release|x64.Build.0 = Release|Any CPU
		{587ACD4B-4D2E-4172-BE02-DC9FA253037C}.Release|x86.ActiveCfg = Release|Any CPU
		{587ACD4B-4D2E-4172-BE02-DC9FA253037C}.Release|x86.Build.0 = Release|Any CPU
		{826764E4-4AC4-465D-A4CB-F96984C12F2D}.Debug|Any CPU.ActiveCfg = Debug|Any CPU
		{826764E4-4AC4-465D-A4CB-F96984C12F2D}.Debug|Any CPU.Build.0 = Debug|Any CPU
		{826764E4-4AC4-465D-A4CB-F96984C12F2D}.Debug|x64.ActiveCfg = Debug|Any CPU
		{826764E4-4AC4-465D-A4CB-F96984C12F2D}.Debug|x64.Build.0 = Debug|Any CPU
		{826764E4-4AC4-465D-A4CB-F96984C12F2D}.Debug|x86.ActiveCfg = Debug|Any CPU
		{826764E4-4AC4-465D-A4CB-F96984C12F2D}.Debug|x86.Build.0 = Debug|Any CPU
		{826764E4-4AC4-465D-A4CB-F96984C12F2D}.Release|Any CPU.ActiveCfg = Release|Any CPU
		{826764E4-4AC4-465D-A4CB-F96984C12F2D}.Release|Any CPU.Build.0 = Release|Any CPU
		{826764E4-4AC4-465D-A4CB-F96984C12F2D}.Release|x64.ActiveCfg = Release|Any CPU
		{826764E4-4AC4-465D-A4CB-F96984C12F2D}.Release|x64.Build.0 = Release|Any CPU
		{826764E4-4AC4-465D-A4CB-F96984C12F2D}.Release|x86.ActiveCfg = Release|Any CPU
		{826764E4-4AC4-465D-A4CB-F96984C12F2D}.Release|x86.Build.0 = Release|Any CPU
		{6D60E393-52CA-4FF5-B703-F0304EB74B0F}.Debug|Any CPU.ActiveCfg = Debug|Any CPU
		{6D60E393-52CA-4FF5-B703-F0304EB74B0F}.Debug|Any CPU.Build.0 = Debug|Any CPU
		{6D60E393-52CA-4FF5-B703-F0304EB74B0F}.Debug|x64.ActiveCfg = Debug|Any CPU
		{6D60E393-52CA-4FF5-B703-F0304EB74B0F}.Debug|x64.Build.0 = Debug|Any CPU
		{6D60E393-52CA-4FF5-B703-F0304EB74B0F}.Debug|x86.ActiveCfg = Debug|Any CPU
		{6D60E393-52CA-4FF5-B703-F0304EB74B0F}.Debug|x86.Build.0 = Debug|Any CPU
		{6D60E393-52CA-4FF5-B703-F0304EB74B0F}.Release|Any CPU.ActiveCfg = Release|Any CPU
		{6D60E393-52CA-4FF5-B703-F0304EB74B0F}.Release|Any CPU.Build.0 = Release|Any CPU
		{6D60E393-52CA-4FF5-B703-F0304EB74B0F}.Release|x64.ActiveCfg = Release|Any CPU
		{6D60E393-52CA-4FF5-B703-F0304EB74B0F}.Release|x64.Build.0 = Release|Any CPU
		{6D60E393-52CA-4FF5-B703-F0304EB74B0F}.Release|x86.ActiveCfg = Release|Any CPU
		{6D60E393-52CA-4FF5-B703-F0304EB74B0F}.Release|x86.Build.0 = Release|Any CPU
		{89B83DEE-AF88-4271-9C3F-B20E9B8B48F7}.Debug|Any CPU.ActiveCfg = Debug|Any CPU
		{89B83DEE-AF88-4271-9C3F-B20E9B8B48F7}.Debug|Any CPU.Build.0 = Debug|Any CPU
		{89B83DEE-AF88-4271-9C3F-B20E9B8B48F7}.Debug|x64.ActiveCfg = Debug|Any CPU
		{89B83DEE-AF88-4271-9C3F-B20E9B8B48F7}.Debug|x64.Build.0 = Debug|Any CPU
		{89B83DEE-AF88-4271-9C3F-B20E9B8B48F7}.Debug|x86.ActiveCfg = Debug|Any CPU
		{89B83DEE-AF88-4271-9C3F-B20E9B8B48F7}.Debug|x86.Build.0 = Debug|Any CPU
		{89B83DEE-AF88-4271-9C3F-B20E9B8B48F7}.Release|Any CPU.ActiveCfg = Release|Any CPU
		{89B83DEE-AF88-4271-9C3F-B20E9B8B48F7}.Release|Any CPU.Build.0 = Release|Any CPU
		{89B83DEE-AF88-4271-9C3F-B20E9B8B48F7}.Release|x64.ActiveCfg = Release|Any CPU
		{89B83DEE-AF88-4271-9C3F-B20E9B8B48F7}.Release|x64.Build.0 = Release|Any CPU
		{89B83DEE-AF88-4271-9C3F-B20E9B8B48F7}.Release|x86.ActiveCfg = Release|Any CPU
		{89B83DEE-AF88-4271-9C3F-B20E9B8B48F7}.Release|x86.Build.0 = Release|Any CPU
		{3FE973C9-A571-4117-A702-2A764FF2032A}.Debug|Any CPU.ActiveCfg = Debug|Any CPU
		{3FE973C9-A571-4117-A702-2A764FF2032A}.Debug|Any CPU.Build.0 = Debug|Any CPU
		{3FE973C9-A571-4117-A702-2A764FF2032A}.Debug|x64.ActiveCfg = Debug|Any CPU
		{3FE973C9-A571-4117-A702-2A764FF2032A}.Debug|x64.Build.0 = Debug|Any CPU
		{3FE973C9-A571-4117-A702-2A764FF2032A}.Debug|x86.ActiveCfg = Debug|Any CPU
		{3FE973C9-A571-4117-A702-2A764FF2032A}.Debug|x86.Build.0 = Debug|Any CPU
		{3FE973C9-A571-4117-A702-2A764FF2032A}.Release|Any CPU.ActiveCfg = Release|Any CPU
		{3FE973C9-A571-4117-A702-2A764FF2032A}.Release|Any CPU.Build.0 = Release|Any CPU
		{3FE973C9-A571-4117-A702-2A764FF2032A}.Release|x64.ActiveCfg = Release|Any CPU
		{3FE973C9-A571-4117-A702-2A764FF2032A}.Release|x64.Build.0 = Release|Any CPU
		{3FE973C9-A571-4117-A702-2A764FF2032A}.Release|x86.ActiveCfg = Release|Any CPU
		{3FE973C9-A571-4117-A702-2A764FF2032A}.Release|x86.Build.0 = Release|Any CPU
		{FCD37797-4921-46DF-9E24-139380A06BFD}.Debug|Any CPU.ActiveCfg = Debug|Any CPU
		{FCD37797-4921-46DF-9E24-139380A06BFD}.Debug|Any CPU.Build.0 = Debug|Any CPU
		{FCD37797-4921-46DF-9E24-139380A06BFD}.Debug|x64.ActiveCfg = Debug|Any CPU
		{FCD37797-4921-46DF-9E24-139380A06BFD}.Debug|x64.Build.0 = Debug|Any CPU
		{FCD37797-4921-46DF-9E24-139380A06BFD}.Debug|x86.ActiveCfg = Debug|Any CPU
		{FCD37797-4921-46DF-9E24-139380A06BFD}.Debug|x86.Build.0 = Debug|Any CPU
		{FCD37797-4921-46DF-9E24-139380A06BFD}.Release|Any CPU.ActiveCfg = Release|Any CPU
		{FCD37797-4921-46DF-9E24-139380A06BFD}.Release|Any CPU.Build.0 = Release|Any CPU
		{FCD37797-4921-46DF-9E24-139380A06BFD}.Release|x64.ActiveCfg = Release|Any CPU
		{FCD37797-4921-46DF-9E24-139380A06BFD}.Release|x64.Build.0 = Release|Any CPU
		{FCD37797-4921-46DF-9E24-139380A06BFD}.Release|x86.ActiveCfg = Release|Any CPU
		{FCD37797-4921-46DF-9E24-139380A06BFD}.Release|x86.Build.0 = Release|Any CPU
		{2BE02B10-710A-4C92-849D-C15D4F0395AE}.Debug|Any CPU.ActiveCfg = Debug|Any CPU
		{2BE02B10-710A-4C92-849D-C15D4F0395AE}.Debug|Any CPU.Build.0 = Debug|Any CPU
		{2BE02B10-710A-4C92-849D-C15D4F0395AE}.Debug|x64.ActiveCfg = Debug|Any CPU
		{2BE02B10-710A-4C92-849D-C15D4F0395AE}.Debug|x64.Build.0 = Debug|Any CPU
		{2BE02B10-710A-4C92-849D-C15D4F0395AE}.Debug|x86.ActiveCfg = Debug|Any CPU
		{2BE02B10-710A-4C92-849D-C15D4F0395AE}.Debug|x86.Build.0 = Debug|Any CPU
		{2BE02B10-710A-4C92-849D-C15D4F0395AE}.Release|Any CPU.ActiveCfg = Release|Any CPU
		{2BE02B10-710A-4C92-849D-C15D4F0395AE}.Release|Any CPU.Build.0 = Release|Any CPU
		{2BE02B10-710A-4C92-849D-C15D4F0395AE}.Release|x64.ActiveCfg = Release|Any CPU
		{2BE02B10-710A-4C92-849D-C15D4F0395AE}.Release|x64.Build.0 = Release|Any CPU
		{2BE02B10-710A-4C92-849D-C15D4F0395AE}.Release|x86.ActiveCfg = Release|Any CPU
		{2BE02B10-710A-4C92-849D-C15D4F0395AE}.Release|x86.Build.0 = Release|Any CPU
		{05019EBC-B05E-4F2E-894F-F998651E55CA}.Debug|Any CPU.ActiveCfg = Debug|Any CPU
		{05019EBC-B05E-4F2E-894F-F998651E55CA}.Debug|Any CPU.Build.0 = Debug|Any CPU
		{05019EBC-B05E-4F2E-894F-F998651E55CA}.Debug|x64.ActiveCfg = Debug|Any CPU
		{05019EBC-B05E-4F2E-894F-F998651E55CA}.Debug|x64.Build.0 = Debug|Any CPU
		{05019EBC-B05E-4F2E-894F-F998651E55CA}.Debug|x86.ActiveCfg = Debug|Any CPU
		{05019EBC-B05E-4F2E-894F-F998651E55CA}.Debug|x86.Build.0 = Debug|Any CPU
		{05019EBC-B05E-4F2E-894F-F998651E55CA}.Release|Any CPU.ActiveCfg = Release|Any CPU
		{05019EBC-B05E-4F2E-894F-F998651E55CA}.Release|Any CPU.Build.0 = Release|Any CPU
		{05019EBC-B05E-4F2E-894F-F998651E55CA}.Release|x64.ActiveCfg = Release|Any CPU
		{05019EBC-B05E-4F2E-894F-F998651E55CA}.Release|x64.Build.0 = Release|Any CPU
		{05019EBC-B05E-4F2E-894F-F998651E55CA}.Release|x86.ActiveCfg = Release|Any CPU
		{05019EBC-B05E-4F2E-894F-F998651E55CA}.Release|x86.Build.0 = Release|Any CPU
		{621DE25A-C4EC-4706-8DEC-B2B812A67F81}.Debug|Any CPU.ActiveCfg = Debug|Any CPU
		{621DE25A-C4EC-4706-8DEC-B2B812A67F81}.Debug|Any CPU.Build.0 = Debug|Any CPU
		{621DE25A-C4EC-4706-8DEC-B2B812A67F81}.Debug|x64.ActiveCfg = Debug|Any CPU
		{621DE25A-C4EC-4706-8DEC-B2B812A67F81}.Debug|x64.Build.0 = Debug|Any CPU
		{621DE25A-C4EC-4706-8DEC-B2B812A67F81}.Debug|x86.ActiveCfg = Debug|Any CPU
		{621DE25A-C4EC-4706-8DEC-B2B812A67F81}.Debug|x86.Build.0 = Debug|Any CPU
		{621DE25A-C4EC-4706-8DEC-B2B812A67F81}.Release|Any CPU.ActiveCfg = Release|Any CPU
		{621DE25A-C4EC-4706-8DEC-B2B812A67F81}.Release|Any CPU.Build.0 = Release|Any CPU
		{621DE25A-C4EC-4706-8DEC-B2B812A67F81}.Release|x64.ActiveCfg = Release|Any CPU
		{621DE25A-C4EC-4706-8DEC-B2B812A67F81}.Release|x64.Build.0 = Release|Any CPU
		{621DE25A-C4EC-4706-8DEC-B2B812A67F81}.Release|x86.ActiveCfg = Release|Any CPU
		{621DE25A-C4EC-4706-8DEC-B2B812A67F81}.Release|x86.Build.0 = Release|Any CPU
		{89287CA5-27FF-4249-AA94-1057DD440068}.Debug|Any CPU.ActiveCfg = Debug|Any CPU
		{89287CA5-27FF-4249-AA94-1057DD440068}.Debug|Any CPU.Build.0 = Debug|Any CPU
		{89287CA5-27FF-4249-AA94-1057DD440068}.Debug|x64.ActiveCfg = Debug|Any CPU
		{89287CA5-27FF-4249-AA94-1057DD440068}.Debug|x64.Build.0 = Debug|Any CPU
		{89287CA5-27FF-4249-AA94-1057DD440068}.Debug|x86.ActiveCfg = Debug|Any CPU
		{89287CA5-27FF-4249-AA94-1057DD440068}.Debug|x86.Build.0 = Debug|Any CPU
		{89287CA5-27FF-4249-AA94-1057DD440068}.Release|Any CPU.ActiveCfg = Release|Any CPU
		{89287CA5-27FF-4249-AA94-1057DD440068}.Release|Any CPU.Build.0 = Release|Any CPU
		{89287CA5-27FF-4249-AA94-1057DD440068}.Release|x64.ActiveCfg = Release|Any CPU
		{89287CA5-27FF-4249-AA94-1057DD440068}.Release|x64.Build.0 = Release|Any CPU
		{89287CA5-27FF-4249-AA94-1057DD440068}.Release|x86.ActiveCfg = Release|Any CPU
		{89287CA5-27FF-4249-AA94-1057DD440068}.Release|x86.Build.0 = Release|Any CPU
		{6B4CB924-A8D4-4F25-B85F-DDF800B7301F}.Debug|Any CPU.ActiveCfg = Debug|Any CPU
		{6B4CB924-A8D4-4F25-B85F-DDF800B7301F}.Debug|Any CPU.Build.0 = Debug|Any CPU
		{6B4CB924-A8D4-4F25-B85F-DDF800B7301F}.Debug|x64.ActiveCfg = Debug|Any CPU
		{6B4CB924-A8D4-4F25-B85F-DDF800B7301F}.Debug|x64.Build.0 = Debug|Any CPU
		{6B4CB924-A8D4-4F25-B85F-DDF800B7301F}.Debug|x86.ActiveCfg = Debug|Any CPU
		{6B4CB924-A8D4-4F25-B85F-DDF800B7301F}.Debug|x86.Build.0 = Debug|Any CPU
		{6B4CB924-A8D4-4F25-B85F-DDF800B7301F}.Release|Any CPU.ActiveCfg = Release|Any CPU
		{6B4CB924-A8D4-4F25-B85F-DDF800B7301F}.Release|Any CPU.Build.0 = Release|Any CPU
		{6B4CB924-A8D4-4F25-B85F-DDF800B7301F}.Release|x64.ActiveCfg = Release|Any CPU
		{6B4CB924-A8D4-4F25-B85F-DDF800B7301F}.Release|x64.Build.0 = Release|Any CPU
		{6B4CB924-A8D4-4F25-B85F-DDF800B7301F}.Release|x86.ActiveCfg = Release|Any CPU
		{6B4CB924-A8D4-4F25-B85F-DDF800B7301F}.Release|x86.Build.0 = Release|Any CPU
		{E842D5BE-2547-42B9-ACA1-8CEA93577E9D}.Debug|Any CPU.ActiveCfg = Debug|Any CPU
		{E842D5BE-2547-42B9-ACA1-8CEA93577E9D}.Debug|Any CPU.Build.0 = Debug|Any CPU
		{E842D5BE-2547-42B9-ACA1-8CEA93577E9D}.Debug|x64.ActiveCfg = Debug|Any CPU
		{E842D5BE-2547-42B9-ACA1-8CEA93577E9D}.Debug|x64.Build.0 = Debug|Any CPU
		{E842D5BE-2547-42B9-ACA1-8CEA93577E9D}.Debug|x86.ActiveCfg = Debug|Any CPU
		{E842D5BE-2547-42B9-ACA1-8CEA93577E9D}.Debug|x86.Build.0 = Debug|Any CPU
		{E842D5BE-2547-42B9-ACA1-8CEA93577E9D}.Release|Any CPU.ActiveCfg = Release|Any CPU
		{E842D5BE-2547-42B9-ACA1-8CEA93577E9D}.Release|Any CPU.Build.0 = Release|Any CPU
		{E842D5BE-2547-42B9-ACA1-8CEA93577E9D}.Release|x64.ActiveCfg = Release|Any CPU
		{E842D5BE-2547-42B9-ACA1-8CEA93577E9D}.Release|x64.Build.0 = Release|Any CPU
		{E842D5BE-2547-42B9-ACA1-8CEA93577E9D}.Release|x86.ActiveCfg = Release|Any CPU
		{E842D5BE-2547-42B9-ACA1-8CEA93577E9D}.Release|x86.Build.0 = Release|Any CPU
		{21F4B6E9-C4F5-42DD-9B9C-3E5005406F20}.Debug|Any CPU.ActiveCfg = Debug|Any CPU
		{21F4B6E9-C4F5-42DD-9B9C-3E5005406F20}.Debug|Any CPU.Build.0 = Debug|Any CPU
		{21F4B6E9-C4F5-42DD-9B9C-3E5005406F20}.Debug|x64.ActiveCfg = Debug|Any CPU
		{21F4B6E9-C4F5-42DD-9B9C-3E5005406F20}.Debug|x64.Build.0 = Debug|Any CPU
		{21F4B6E9-C4F5-42DD-9B9C-3E5005406F20}.Debug|x86.ActiveCfg = Debug|Any CPU
		{21F4B6E9-C4F5-42DD-9B9C-3E5005406F20}.Debug|x86.Build.0 = Debug|Any CPU
		{21F4B6E9-C4F5-42DD-9B9C-3E5005406F20}.Release|Any CPU.ActiveCfg = Release|Any CPU
		{21F4B6E9-C4F5-42DD-9B9C-3E5005406F20}.Release|Any CPU.Build.0 = Release|Any CPU
		{21F4B6E9-C4F5-42DD-9B9C-3E5005406F20}.Release|x64.ActiveCfg = Release|Any CPU
		{21F4B6E9-C4F5-42DD-9B9C-3E5005406F20}.Release|x64.Build.0 = Release|Any CPU
		{21F4B6E9-C4F5-42DD-9B9C-3E5005406F20}.Release|x86.ActiveCfg = Release|Any CPU
		{21F4B6E9-C4F5-42DD-9B9C-3E5005406F20}.Release|x86.Build.0 = Release|Any CPU
		{208B8D51-3F00-46CB-B107-2DB0074DF953}.Debug|Any CPU.ActiveCfg = Debug|Any CPU
		{208B8D51-3F00-46CB-B107-2DB0074DF953}.Debug|Any CPU.Build.0 = Debug|Any CPU
		{208B8D51-3F00-46CB-B107-2DB0074DF953}.Debug|x64.ActiveCfg = Debug|Any CPU
		{208B8D51-3F00-46CB-B107-2DB0074DF953}.Debug|x64.Build.0 = Debug|Any CPU
		{208B8D51-3F00-46CB-B107-2DB0074DF953}.Debug|x86.ActiveCfg = Debug|Any CPU
		{208B8D51-3F00-46CB-B107-2DB0074DF953}.Debug|x86.Build.0 = Debug|Any CPU
		{208B8D51-3F00-46CB-B107-2DB0074DF953}.Release|Any CPU.ActiveCfg = Release|Any CPU
		{208B8D51-3F00-46CB-B107-2DB0074DF953}.Release|Any CPU.Build.0 = Release|Any CPU
		{208B8D51-3F00-46CB-B107-2DB0074DF953}.Release|x64.ActiveCfg = Release|Any CPU
		{208B8D51-3F00-46CB-B107-2DB0074DF953}.Release|x64.Build.0 = Release|Any CPU
		{208B8D51-3F00-46CB-B107-2DB0074DF953}.Release|x86.ActiveCfg = Release|Any CPU
		{208B8D51-3F00-46CB-B107-2DB0074DF953}.Release|x86.Build.0 = Release|Any CPU
	EndGlobalSection
	GlobalSection(SolutionProperties) = preSolution
		HideSolutionNode = FALSE
	EndGlobalSection
	GlobalSection(NestedProjects) = preSolution
		{6B4CB924-A8D4-4F25-B85F-DDF800B7301F} = {A1B2C3D4-E5F6-7890-ABCD-EF1234567890}
		{E842D5BE-2547-42B9-ACA1-8CEA93577E9D} = {A1B2C3D4-E5F6-7890-ABCD-EF1234567890}
		{21F4B6E9-C4F5-42DD-9B9C-3E5005406F20} = {A1B2C3D4-E5F6-7890-ABCD-EF1234567890}
		{208B8D51-3F00-46CB-B107-2DB0074DF953} = {A1B2C3D4-E5F6-7890-ABCD-EF1234567890}
		{FCD37797-4921-46DF-9E24-139380A06BFD} = {B2C3D4E5-F6A7-8901-BCDE-F12345678901}
		{2BE02B10-710A-4C92-849D-C15D4F0395AE} = {B2C3D4E5-F6A7-8901-BCDE-F12345678901}
		{89B83DEE-AF88-4271-9C3F-B20E9B8B48F7} = {C3D4E5F6-A7B8-9012-CDEF-123456789012}
		{621DE25A-C4EC-4706-8DEC-B2B812A67F81} = {C3D4E5F6-A7B8-9012-CDEF-123456789012}
		{89287CA5-27FF-4249-AA94-1057DD440068} = {C3D4E5F6-A7B8-9012-CDEF-123456789012}
		{6D60E393-52CA-4FF5-B703-F0304EB74B0F} = {F536B593-5603-4923-ACB4-9B645C83D388}
		{587ACD4B-4D2E-4172-BE02-DC9FA253037C} = {F536B593-5603-4923-ACB4-9B645C83D388}
		{05019EBC-B05E-4F2E-894F-F998651E55CA} = {60B53BB2-6E50-437D-8E9E-98C512AF84CC}
		{3FE973C9-A571-4117-A702-2A764FF2032A} = {60B53BB2-6E50-437D-8E9E-98C512AF84CC}
		{826764E4-4AC4-465D-A4CB-F96984C12F2D} = {60B53BB2-6E50-437D-8E9E-98C512AF84CC}
	EndGlobalSection
EndGlobal
